
Microsoft Visual Studio Solution File, Format Version 12.00
# Visual Studio Version 16
VisualStudioVersion = 16.0.33214.272
MinimumVisualStudioVersion = 10.0.40219.1
Project("{FAE04EC0-301F-11D3-BF4B-00C04F79EFBC}") = "Programming Assingment 1 Animal List", "Programming Assingment 1 Animal List\Programming Assingment 1 Animal List.csproj", "{5C0054F9-6B6D-4D6D-B82F-79C4B8CCF2CB}"
EndProject
Global
	GlobalSection(SolutionConfigurationPlatforms) = preSolution
		Debug|Any CPU = Debug|Any CPU
		Release|Any CPU = Release|Any CPU
	EndGlobalSection
	GlobalSection(ProjectConfigurationPlatforms) = postSolution
		{5C0054F9-6B6D-4D6D-B82F-79C4B8CCF2CB}.Debug|Any CPU.ActiveCfg = Debug|Any CPU
		{5C0054F9-6B6D-4D6D-B82F-79C4B8CCF2CB}.Debug|Any CPU.Build.0 = Debug|Any CPU
		{5C0054F9-6B6D-4D6D-B82F-79C4B8CCF2CB}.Release|Any CPU.ActiveCfg = Release|Any CPU
		{5C0054F9-6B6D-4D6D-B82F-79C4B8CCF2CB}.Release|Any CPU.Build.0 = Release|Any CPU
	EndGlobalSection
	GlobalSection(SolutionProperties) = preSolution
		HideSolutionNode = FALSE
	EndGlobalSection
	GlobalSection(ExtensibilityGlobals) = postSolution
		SolutionGuid = {EF61F29D-C8D3-477F-ACE6-D343A106D2ED}
	EndGlobalSection
EndGlobal
